
Microsoft Visual Studio Solution File, Format Version 12.00
# Visual Studio 2012
Project("{FAE04EC0-301F-11D3-BF4B-00C04F79EFBC}") = "IrmaoDeSangue.Service", "IrmaoDeSangue.Service\IrmaoDeSangue.Service.csproj", "{0537803D-0ED4-49D9-8449-0DA2B6F8662E}"
EndProject
Project("{FAE04EC0-301F-11D3-BF4B-00C04F79EFBC}") = "IrmaoDeSangue.MVC", "IrmaoDeSangue.MVC\IrmaoDeSangue.MVC.csproj", "{AD02C526-A5C8-478B-B794-D22C4871EAE5}"
EndProject
Global
	GlobalSection(SolutionConfigurationPlatforms) = preSolution
		Debug|Any CPU = Debug|Any CPU
		Release|Any CPU = Release|Any CPU
	EndGlobalSection
	GlobalSection(ProjectConfigurationPlatforms) = postSolution
		{0537803D-0ED4-49D9-8449-0DA2B6F8662E}.Debug|Any CPU.ActiveCfg = Debug|Any CPU
		{0537803D-0ED4-49D9-8449-0DA2B6F8662E}.Debug|Any CPU.Build.0 = Debug|Any CPU
		{0537803D-0ED4-49D9-8449-0DA2B6F8662E}.Release|Any CPU.ActiveCfg = Release|Any CPU
		{0537803D-0ED4-49D9-8449-0DA2B6F8662E}.Release|Any CPU.Build.0 = Release|Any CPU
		{AD02C526-A5C8-478B-B794-D22C4871EAE5}.Debug|Any CPU.ActiveCfg = Debug|Any CPU
		{AD02C526-A5C8-478B-B794-D22C4871EAE5}.Debug|Any CPU.Build.0 = Debug|Any CPU
		{AD02C526-A5C8-478B-B794-D22C4871EAE5}.Release|Any CPU.ActiveCfg = Release|Any CPU
		{AD02C526-A5C8-478B-B794-D22C4871EAE5}.Release|Any CPU.Build.0 = Release|Any CPU
	EndGlobalSection
	GlobalSection(SolutionProperties) = preSolution
		HideSolutionNode = FALSE
	EndGlobalSection
EndGlobal
